
Microsoft Visual Studio Solution File, Format Version 12.00
# Visual Studio Version 17
VisualStudioVersion = 17.5.002.0
MinimumVisualStudioVersion = 10.0.40219.1
Project("{9A19103F-16F7-4668-BE54-9A1E7A4F7556}") = "Day2", "Day2.csproj", "{84D85BBB-FB34-473D-8000-25CD2E1AF3DD}"
EndProject
Global
	GlobalSection(SolutionConfigurationPlatforms) = preSolution
		Debug|Any CPU = Debug|Any CPU
		Release|Any CPU = Release|Any CPU
	EndGlobalSection
	GlobalSection(ProjectConfigurationPlatforms) = postSolution
		{84D85BBB-FB34-473D-8000-25CD2E1AF3DD}.Debug|Any CPU.ActiveCfg = Debug|Any CPU
		{84D85BBB-FB34-473D-8000-25CD2E1AF3DD}.Debug|Any CPU.Build.0 = Debug|Any CPU
		{84D85BBB-FB34-473D-8000-25CD2E1AF3DD}.Release|Any CPU.ActiveCfg = Release|Any CPU
		{84D85BBB-FB34-473D-8000-25CD2E1AF3DD}.Release|Any CPU.Build.0 = Release|Any CPU
	EndGlobalSection
	GlobalSection(SolutionProperties) = preSolution
		HideSolutionNode = FALSE
	EndGlobalSection
	GlobalSection(ExtensibilityGlobals) = postSolution
		SolutionGuid = {4FCA1FFF-9985-487D-A1F5-448E0EAA52DA}
	EndGlobalSection
EndGlobal
